
Microsoft Visual Studio Solution File, Format Version 12.00
# Visual Studio 15
VisualStudioVersion = 15.0.27428.2002
MinimumVisualStudioVersion = 10.0.40219.1
Project("{8BC9CEB8-8B4A-11D0-8D11-00A0C91BC942}") = "House_of_cards", "House_of_cards\House_of_cards.vcxproj", "{C5057EC0-6FDD-479B-BE44-2A169EBBA2CB}"
EndProject
Global
	GlobalSection(SolutionConfigurationPlatforms) = preSolution
		Debug|x64 = Debug|x64
		Debug|x86 = Debug|x86
		Release|x64 = Release|x64
		Release|x86 = Release|x86
	EndGlobalSection
	GlobalSection(ProjectConfigurationPlatforms) = postSolution
		{C5057EC0-6FDD-479B-BE44-2A169EBBA2CB}.Debug|x64.ActiveCfg = Debug|x64
		{C5057EC0-6FDD-479B-BE44-2A169EBBA2CB}.Debug|x64.Build.0 = Debug|x64
		{C5057EC0-6FDD-479B-BE44-2A169EBBA2CB}.Debug|x86.ActiveCfg = Debug|Win32
		{C5057EC0-6FDD-479B-BE44-2A169EBBA2CB}.Debug|x86.Build.0 = Debug|Win32
		{C5057EC0-6FDD-479B-BE44-2A169EBBA2CB}.Release|x64.ActiveCfg = Release|x64
		{C5057EC0-6FDD-479B-BE44-2A169EBBA2CB}.Release|x64.Build.0 = Release|x64
		{C5057EC0-6FDD-479B-BE44-2A169EBBA2CB}.Release|x86.ActiveCfg = Release|Win32
		{C5057EC0-6FDD-479B-BE44-2A169EBBA2CB}.Release|x86.Build.0 = Release|Win32
	EndGlobalSection
	GlobalSection(SolutionProperties) = preSolution
		HideSolutionNode = FALSE
	EndGlobalSection
	GlobalSection(ExtensibilityGlobals) = postSolution
		SolutionGuid = {4AA5F0DA-134E-4FE7-9B25-589A587D2C63}
	EndGlobalSection
EndGlobal
